
Microsoft Visual Studio Solution File, Format Version 12.00
# Visual Studio Version 17
VisualStudioVersion = 17.1.32328.378
MinimumVisualStudioVersion = 10.0.40219.1
Project("{FAE04EC0-301F-11D3-BF4B-00C04F79EFBC}") = "Lista10-Cal.", "..\Lista10-Cal\Lista10-Cal..csproj", "{445134A2-69A9-4D35-ACD5-B8385E5FDFC0}"
EndProject
Global
	GlobalSection(SolutionConfigurationPlatforms) = preSolution
		Debug|Any CPU = Debug|Any CPU
		Release|Any CPU = Release|Any CPU
	EndGlobalSection
	GlobalSection(ProjectConfigurationPlatforms) = postSolution
		{445134A2-69A9-4D35-ACD5-B8385E5FDFC0}.Debug|Any CPU.ActiveCfg = Debug|Any CPU
		{445134A2-69A9-4D35-ACD5-B8385E5FDFC0}.Debug|Any CPU.Build.0 = Debug|Any CPU
		{445134A2-69A9-4D35-ACD5-B8385E5FDFC0}.Release|Any CPU.ActiveCfg = Release|Any CPU
		{445134A2-69A9-4D35-ACD5-B8385E5FDFC0}.Release|Any CPU.Build.0 = Release|Any CPU
	EndGlobalSection
	GlobalSection(SolutionProperties) = preSolution
		HideSolutionNode = FALSE
	EndGlobalSection
	GlobalSection(ExtensibilityGlobals) = postSolution
		SolutionGuid = {EC1BEF36-16F0-4669-B22A-6C7048982001}
	EndGlobalSection
EndGlobal
