
Microsoft Visual Studio Solution File, Format Version 12.00
# Visual Studio Version 17
VisualStudioVersion = 17.1.32328.378
MinimumVisualStudioVersion = 10.0.40219.1
Project("{FAE04EC0-301F-11D3-BF4B-00C04F79EFBC}") = "List10-Polimorfismo", "List10-Polimorfismo.csproj", "{3B8DABF1-A894-4471-A77C-026E27F34267}"
EndProject
Global
	GlobalSection(SolutionConfigurationPlatforms) = preSolution
		Debug|Any CPU = Debug|Any CPU
		Release|Any CPU = Release|Any CPU
	EndGlobalSection
	GlobalSection(ProjectConfigurationPlatforms) = postSolution
		{3B8DABF1-A894-4471-A77C-026E27F34267}.Debug|Any CPU.ActiveCfg = Debug|Any CPU
		{3B8DABF1-A894-4471-A77C-026E27F34267}.Debug|Any CPU.Build.0 = Debug|Any CPU
		{3B8DABF1-A894-4471-A77C-026E27F34267}.Release|Any CPU.ActiveCfg = Release|Any CPU
		{3B8DABF1-A894-4471-A77C-026E27F34267}.Release|Any CPU.Build.0 = Release|Any CPU
	EndGlobalSection
	GlobalSection(SolutionProperties) = preSolution
		HideSolutionNode = FALSE
	EndGlobalSection
	GlobalSection(ExtensibilityGlobals) = postSolution
		SolutionGuid = {DB40C88B-1195-4CDD-BD9D-E9285AEA768D}
	EndGlobalSection
EndGlobal
