
Microsoft Visual Studio Solution File, Format Version 12.00
# Visual Studio Version 17
VisualStudioVersion = 17.1.32328.378
MinimumVisualStudioVersion = 10.0.40219.1
Project("{FAE04EC0-301F-11D3-BF4B-00C04F79EFBC}") = "IMC-Índice_de_massa _corporal_C", "IMC-Índice_de_massa _corporal_C\IMC-Índice_de_massa _corporal_C.csproj", "{90940D98-2286-459D-B69C-54FBF03B7A01}"
EndProject
Global
	GlobalSection(SolutionConfigurationPlatforms) = preSolution
		Debug|Any CPU = Debug|Any CPU
		Release|Any CPU = Release|Any CPU
	EndGlobalSection
	GlobalSection(ProjectConfigurationPlatforms) = postSolution
		{90940D98-2286-459D-B69C-54FBF03B7A01}.Debug|Any CPU.ActiveCfg = Debug|Any CPU
		{90940D98-2286-459D-B69C-54FBF03B7A01}.Debug|Any CPU.Build.0 = Debug|Any CPU
		{90940D98-2286-459D-B69C-54FBF03B7A01}.Release|Any CPU.ActiveCfg = Release|Any CPU
		{90940D98-2286-459D-B69C-54FBF03B7A01}.Release|Any CPU.Build.0 = Release|Any CPU
	EndGlobalSection
	GlobalSection(SolutionProperties) = preSolution
		HideSolutionNode = FALSE
	EndGlobalSection
	GlobalSection(ExtensibilityGlobals) = postSolution
		SolutionGuid = {A5F73605-6E77-41D1-BD99-6EAB47EB6A55}
	EndGlobalSection
EndGlobal
